// !$*UTF8*$!
{
	archiveVersion = 1;
	classes = {
	};
	objectVersion = 50;
	objects = {

/* Begin PBXBuildFile section */
		88ADB7E324B83955002A4B3F /* AppDelegate.swift in Sources */ = {isa = PBXBuildFile; fileRef = 88ADB7E224B83955002A4B3F /* AppDelegate.swift */; };
		88ADB7E524B83955002A4B3F /* SceneDelegate.swift in Sources */ = {isa = PBXBuildFile; fileRef = 88ADB7E424B83955002A4B3F /* SceneDelegate.swift */; };
		88ADB7EA24B83955002A4B3F /* Main.storyboard in Resources */ = {isa = PBXBuildFile; fileRef = 88ADB7E824B83955002A4B3F /* Main.storyboard */; };
		88ADB7EC24B83957002A4B3F /* Assets.xcassets in Resources */ = {isa = PBXBuildFile; fileRef = 88ADB7EB24B83957002A4B3F /* Assets.xcassets */; };
		88ADB7EF24B83957002A4B3F /* LaunchScreen.storyboard in Resources */ = {isa = PBXBuildFile; fileRef = 88ADB7ED24B83957002A4B3F /* LaunchScreen.storyboard */; };
		88ADB7FA24B83957002A4B3F /* Force_Step_Test_8Tests.swift in Sources */ = {isa = PBXBuildFile; fileRef = 88ADB7F924B83957002A4B3F /* Force_Step_Test_8Tests.swift */; };
		88ADB80524B83957002A4B3F /* Force_Step_Test_8UITests.swift in Sources */ = {isa = PBXBuildFile; fileRef = 88ADB80424B83957002A4B3F /* Force_Step_Test_8UITests.swift */; };
		88ADB81324B83CFB002A4B3F /* ViewController_main.swift in Sources */ = {isa = PBXBuildFile; fileRef = 88ADB81224B83CFB002A4B3F /* ViewController_main.swift */; };
		88ADB81524BAFB5A002A4B3F /* ViewController_feedback_color_menu.swift in Sources */ = {isa = PBXBuildFile; fileRef = 88ADB81424BAFB5A002A4B3F /* ViewController_feedback_color_menu.swift */; };
		88ADB81724BAFCDB002A4B3F /* ViewController_feedback_color_experiment.swift in Sources */ = {isa = PBXBuildFile; fileRef = 88ADB81624BAFCDB002A4B3F /* ViewController_feedback_color_experiment.swift */; };
		88ADB81924BAFD25002A4B3F /* ForceButton.swift in Sources */ = {isa = PBXBuildFile; fileRef = 88ADB81824BAFD25002A4B3F /* ForceButton.swift */; };
		88ADB81B24BB007A002A4B3F /* ViewController_feedback_graph_menu.swift in Sources */ = {isa = PBXBuildFile; fileRef = 88ADB81A24BB007A002A4B3F /* ViewController_feedback_graph_menu.swift */; };
		88ADB81D24BB0085002A4B3F /* ViewController_feedback_graph_experiment.swift in Sources */ = {isa = PBXBuildFile; fileRef = 88ADB81C24BB0085002A4B3F /* ViewController_feedback_graph_experiment.swift */; };
		88ADB81F24BB030A002A4B3F /* ViewController_nonfeedback_menu.swift in Sources */ = {isa = PBXBuildFile; fileRef = 88ADB81E24BB030A002A4B3F /* ViewController_nonfeedback_menu.swift */; };
		88ADB82124BB035D002A4B3F /* ViewController_nonfeedback_experiment.swift in Sources */ = {isa = PBXBuildFile; fileRef = 88ADB82024BB035D002A4B3F /* ViewController_nonfeedback_experiment.swift */; };
		88ADB82824C581BC002A4B3F /* step5.png in Resources */ = {isa = PBXBuildFile; fileRef = 88ADB82224C581BB002A4B3F /* step5.png */; };
		88ADB82924C581BC002A4B3F /* step7.png in Resources */ = {isa = PBXBuildFile; fileRef = 88ADB82324C581BB002A4B3F /* step7.png */; };
		88ADB82A24C581BC002A4B3F /* step6.png in Resources */ = {isa = PBXBuildFile; fileRef = 88ADB82424C581BB002A4B3F /* step6.png */; };
		88ADB82B24C581BC002A4B3F /* step3.png in Resources */ = {isa = PBXBuildFile; fileRef = 88ADB82524C581BB002A4B3F /* step3.png */; };
		88ADB82C24C581BC002A4B3F /* step4.png in Resources */ = {isa = PBXBuildFile; fileRef = 88ADB82624C581BC002A4B3F /* step4.png */; };
		88ADB82D24C581BC002A4B3F /* step2.png in Resources */ = {isa = PBXBuildFile; fileRef = 88ADB82724C581BC002A4B3F /* step2.png */; };
/* End PBXBuildFile section */

/* Begin PBXContainerItemProxy section */
		88ADB7F624B83957002A4B3F /* PBXContainerItemProxy */ = {
			isa = PBXContainerItemProxy;
			containerPortal = 88ADB7D724B83955002A4B3F /* Project object */;
			proxyType = 1;
			remoteGlobalIDString = 88ADB7DE24B83955002A4B3F;
			remoteInfo = Force_Step_Test_8;
		};
		88ADB80124B83957002A4B3F /* PBXContainerItemProxy */ = {
			isa = PBXContainerItemProxy;
			containerPortal = 88ADB7D724B83955002A4B3F /* Project object */;
			proxyType = 1;
			remoteGlobalIDString = 88ADB7DE24B83955002A4B3F;
			remoteInfo = Force_Step_Test_8;
		};
/* End PBXContainerItemProxy section */

/* Begin PBXFileReference section */
		88ADB7DF24B83955002A4B3F /* Force_Step_Test_8.app */ = {isa = PBXFileReference; explicitFileType = wrapper.application; includeInIndex = 0; path = Force_Step_Test_8.app; sourceTree = BUILT_PRODUCTS_DIR; };
		88ADB7E224B83955002A4B3F /* AppDelegate.swift */ = {isa = PBXFileReference; lastKnownFileType = sourcecode.swift; path = AppDelegate.swift; sourceTree = "<group>"; };
		88ADB7E424B83955002A4B3F /* SceneDelegate.swift */ = {isa = PBXFileReference; lastKnownFileType = sourcecode.swift; path = SceneDelegate.swift; sourceTree = "<group>"; };
		88ADB7E924B83955002A4B3F /* Base */ = {isa = PBXFileReference; lastKnownFileType = file.storyboard; name = Base; path = Base.lproj/Main.storyboard; sourceTree = "<group>"; };
		88ADB7EB24B83957002A4B3F /* Assets.xcassets */ = {isa = PBXFileReference; lastKnownFileType = folder.assetcatalog; path = Assets.xcassets; sourceTree = "<group>"; };
		88ADB7EE24B83957002A4B3F /* Base */ = {isa = PBXFileReference; lastKnownFileType = file.storyboard; name = Base; path = Base.lproj/LaunchScreen.storyboard; sourceTree = "<group>"; };
		88ADB7F024B83957002A4B3F /* Info.plist */ = {isa = PBXFileReference; lastKnownFileType = text.plist.xml; path = Info.plist; sourceTree = "<group>"; };
		88ADB7F524B83957002A4B3F /* Force_Step_Test_8Tests.xctest */ = {isa = PBXFileReference; explicitFileType = wrapper.cfbundle; includeInIndex = 0; path = Force_Step_Test_8Tests.xctest; sourceTree = BUILT_PRODUCTS_DIR; };
		88ADB7F924B83957002A4B3F /* Force_Step_Test_8Tests.swift */ = {isa = PBXFileReference; lastKnownFileType = sourcecode.swift; path = Force_Step_Test_8Tests.swift; sourceTree = "<group>"; };
		88ADB7FB24B83957002A4B3F /* Info.plist */ = {isa = PBXFileReference; lastKnownFileType = text.plist.xml; path = Info.plist; sourceTree = "<group>"; };
		88ADB80024B83957002A4B3F /* Force_Step_Test_8UITests.xctest */ = {isa = PBXFileReference; explicitFileType = wrapper.cfbundle; includeInIndex = 0; path = Force_Step_Test_8UITests.xctest; sourceTree = BUILT_PRODUCTS_DIR; };
		88ADB80424B83957002A4B3F /* Force_Step_Test_8UITests.swift */ = {isa = PBXFileReference; lastKnownFileType = sourcecode.swift; path = Force_Step_Test_8UITests.swift; sourceTree = "<group>"; };
		88ADB80624B83957002A4B3F /* Info.plist */ = {isa = PBXFileReference; lastKnownFileType = text.plist.xml; path = Info.plist; sourceTree = "<group>"; };
		88ADB81224B83CFB002A4B3F /* ViewController_main.swift */ = {isa = PBXFileReference; lastKnownFileType = sourcecode.swift; path = ViewController_main.swift; sourceTree = "<group>"; };
		88ADB81424BAFB5A002A4B3F /* ViewController_feedback_color_menu.swift */ = {isa = PBXFileReference; lastKnownFileType = sourcecode.swift; path = ViewController_feedback_color_menu.swift; sourceTree = "<group>"; };
		88ADB81624BAFCDB002A4B3F /* ViewController_feedback_color_experiment.swift */ = {isa = PBXFileReference; lastKnownFileType = sourcecode.swift; path = ViewController_feedback_color_experiment.swift; sourceTree = "<group>"; };
		88ADB81824BAFD25002A4B3F /* ForceButton.swift */ = {isa = PBXFileReference; lastKnownFileType = sourcecode.swift; path = ForceButton.swift; sourceTree = "<group>"; };
		88ADB81A24BB007A002A4B3F /* ViewController_feedback_graph_menu.swift */ = {isa = PBXFileReference; lastKnownFileType = sourcecode.swift; path = ViewController_feedback_graph_menu.swift; sourceTree = "<group>"; };
		88ADB81C24BB0085002A4B3F /* ViewController_feedback_graph_experiment.swift */ = {isa = PBXFileReference; lastKnownFileType = sourcecode.swift; path = ViewController_feedback_graph_experiment.swift; sourceTree = "<group>"; };
		88ADB81E24BB030A002A4B3F /* ViewController_nonfeedback_menu.swift */ = {isa = PBXFileReference; lastKnownFileType = sourcecode.swift; path = ViewController_nonfeedback_menu.swift; sourceTree = "<group>"; };
		88ADB82024BB035D002A4B3F /* ViewController_nonfeedback_experiment.swift */ = {isa = PBXFileReference; lastKnownFileType = sourcecode.swift; path = ViewController_nonfeedback_experiment.swift; sourceTree = "<group>"; };
		88ADB82224C581BB002A4B3F /* step5.png */ = {isa = PBXFileReference; lastKnownFileType = image.png; name = step5.png; path = ../../../../Desktop/step5.png; sourceTree = "<group>"; };
		88ADB82324C581BB002A4B3F /* step7.png */ = {isa = PBXFileReference; lastKnownFileType = image.png; name = step7.png; path = ../../../../Desktop/step7.png; sourceTree = "<group>"; };
		88ADB82424C581BB002A4B3F /* step6.png */ = {isa = PBXFileReference; lastKnownFileType = image.png; name = step6.png; path = ../../../../Desktop/step6.png; sourceTree = "<group>"; };
		88ADB82524C581BB002A4B3F /* step3.png */ = {isa = PBXFileReference; lastKnownFileType = image.png; name = step3.png; path = ../../../../Desktop/step3.png; sourceTree = "<group>"; };
		88ADB82624C581BC002A4B3F /* step4.png */ = {isa = PBXFileReference; lastKnownFileType = image.png; name = step4.png; path = ../../../../Desktop/step4.png; sourceTree = "<group>"; };
		88ADB82724C581BC002A4B3F /* step2.png */ = {isa = PBXFileReference; lastKnownFileType = image.png; name = step2.png; path = ../../../../Desktop/step2.png; sourceTree = "<group>"; };
/* End PBXFileReference section */

/* Begin PBXFrameworksBuildPhase section */
		88ADB7DC24B83955002A4B3F /* Frameworks */ = {
			isa = PBXFrameworksBuildPhase;
			buildActionMask = 2147483647;
			files = (
			);
			runOnlyForDeploymentPostprocessing = 0;
		};
		88ADB7F224B83957002A4B3F /* Frameworks */ = {
			isa = PBXFrameworksBuildPhase;
			buildActionMask = 2147483647;
			files = (
			);
			runOnlyForDeploymentPostprocessing = 0;
		};
		88ADB7FD24B83957002A4B3F /* Frameworks */ = {
			isa = PBXFrameworksBuildPhase;
			buildActionMask = 2147483647;
			files = (
			);
			runOnlyForDeploymentPostprocessing = 0;
		};
/* End PBXFrameworksBuildPhase section */

/* Begin PBXGroup section */
		88ADB7D624B83955002A4B3F = {
			isa = PBXGroup;
			children = (
				88ADB7E124B83955002A4B3F /* Force_Step_Test_8 */,
				88ADB7F824B83957002A4B3F /* Force_Step_Test_8Tests */,
				88ADB80324B83957002A4B3F /* Force_Step_Test_8UITests */,
				88ADB7E024B83955002A4B3F /* Products */,
			);
			sourceTree = "<group>";
		};
		88ADB7E024B83955002A4B3F /* Products */ = {
			isa = PBXGroup;
			children = (
				88ADB7DF24B83955002A4B3F /* Force_Step_Test_8.app */,
				88ADB7F524B83957002A4B3F /* Force_Step_Test_8Tests.xctest */,
				88ADB80024B83957002A4B3F /* Force_Step_Test_8UITests.xctest */,
			);
			name = Products;
			sourceTree = "<group>";
		};
		88ADB7E124B83955002A4B3F /* Force_Step_Test_8 */ = {
			isa = PBXGroup;
			children = (
				88ADB7E224B83955002A4B3F /* AppDelegate.swift */,
				88ADB7E424B83955002A4B3F /* SceneDelegate.swift */,
				88ADB7E824B83955002A4B3F /* Main.storyboard */,
				88ADB7EB24B83957002A4B3F /* Assets.xcassets */,
				88ADB7ED24B83957002A4B3F /* LaunchScreen.storyboard */,
				88ADB7F024B83957002A4B3F /* Info.plist */,
				88ADB81224B83CFB002A4B3F /* ViewController_main.swift */,
				88ADB81E24BB030A002A4B3F /* ViewController_nonfeedback_menu.swift */,
				88ADB82024BB035D002A4B3F /* ViewController_nonfeedback_experiment.swift */,
				88ADB81424BAFB5A002A4B3F /* ViewController_feedback_color_menu.swift */,
				88ADB81624BAFCDB002A4B3F /* ViewController_feedback_color_experiment.swift */,
				88ADB81A24BB007A002A4B3F /* ViewController_feedback_graph_menu.swift */,
				88ADB81C24BB0085002A4B3F /* ViewController_feedback_graph_experiment.swift */,
				88ADB81824BAFD25002A4B3F /* ForceButton.swift */,
				88ADB82724C581BC002A4B3F /* step2.png */,
				88ADB82524C581BB002A4B3F /* step3.png */,
				88ADB82624C581BC002A4B3F /* step4.png */,
				88ADB82224C581BB002A4B3F /* step5.png */,
				88ADB82424C581BB002A4B3F /* step6.png */,
				88ADB82324C581BB002A4B3F /* step7.png */,
			);
			path = Force_Step_Test_8;
			sourceTree = "<group>";
		};
		88ADB7F824B83957002A4B3F /* Force_Step_Test_8Tests */ = {
			isa = PBXGroup;
			children = (
				88ADB7F924B83957002A4B3F /* Force_Step_Test_8Tests.swift */,
				88ADB7FB24B83957002A4B3F /* Info.plist */,
			);
			path = Force_Step_Test_8Tests;
			sourceTree = "<group>";
		};
		88ADB80324B83957002A4B3F /* Force_Step_Test_8UITests */ = {
			isa = PBXGroup;
			children = (
				88ADB80424B83957002A4B3F /* Force_Step_Test_8UITests.swift */,
				88ADB80624B83957002A4B3F /* Info.plist */,
			);
			path = Force_Step_Test_8UITests;
			sourceTree = "<group>";
		};
/* End PBXGroup section */

/* Begin PBXNativeTarget section */
		88ADB7DE24B83955002A4B3F /* Force_Step_Test_8 */ = {
			isa = PBXNativeTarget;
			buildConfigurationList = 88ADB80924B83957002A4B3F /* Build configuration list for PBXNativeTarget "Force_Step_Test_8" */;
			buildPhases = (
				88ADB7DB24B83955002A4B3F /* Sources */,
				88ADB7DC24B83955002A4B3F /* Frameworks */,
				88ADB7DD24B83955002A4B3F /* Resources */,
			);
			buildRules = (
			);
			dependencies = (
			);
			name = Force_Step_Test_8;
			productName = Force_Step_Test_8;
			productReference = 88ADB7DF24B83955002A4B3F /* Force_Step_Test_8.app */;
			productType = "com.apple.product-type.application";
		};
		88ADB7F424B83957002A4B3F /* Force_Step_Test_8Tests */ = {
			isa = PBXNativeTarget;
			buildConfigurationList = 88ADB80C24B83957002A4B3F /* Build configuration list for PBXNativeTarget "Force_Step_Test_8Tests" */;
			buildPhases = (
				88ADB7F124B83957002A4B3F /* Sources */,
				88ADB7F224B83957002A4B3F /* Frameworks */,
				88ADB7F324B83957002A4B3F /* Resources */,
			);
			buildRules = (
			);
			dependencies = (
				88ADB7F724B83957002A4B3F /* PBXTargetDependency */,
			);
			name = Force_Step_Test_8Tests;
			productName = Force_Step_Test_8Tests;
			productReference = 88ADB7F524B83957002A4B3F /* Force_Step_Test_8Tests.xctest */;
			productType = "com.apple.product-type.bundle.unit-test";
		};
		88ADB7FF24B83957002A4B3F /* Force_Step_Test_8UITests */ = {
			isa = PBXNativeTarget;
			buildConfigurationList = 88ADB80F24B83957002A4B3F /* Build configuration list for PBXNativeTarget "Force_Step_Test_8UITests" */;
			buildPhases = (
				88ADB7FC24B83957002A4B3F /* Sources */,
				88ADB7FD24B83957002A4B3F /* Frameworks */,
				88ADB7FE24B83957002A4B3F /* Resources */,
			);
			buildRules = (
			);
			dependencies = (
				88ADB80224B83957002A4B3F /* PBXTargetDependency */,
			);
			name = Force_Step_Test_8UITests;
			productName = Force_Step_Test_8UITests;
			productReference = 88ADB80024B83957002A4B3F /* Force_Step_Test_8UITests.xctest */;
			productType = "com.apple.product-type.bundle.ui-testing";
		};
/* End PBXNativeTarget section */

/* Begin PBXProject section */
		88ADB7D724B83955002A4B3F /* Project object */ = {
			isa = PBXProject;
			attributes = {
				LastSwiftUpdateCheck = 1150;
				LastUpgradeCheck = 1150;
				ORGANIZATIONNAME = "JinHyuck Park";
				TargetAttributes = {
					88ADB7DE24B83955002A4B3F = {
						CreatedOnToolsVersion = 11.5;
					};
					88ADB7F424B83957002A4B3F = {
						CreatedOnToolsVersion = 11.5;
						TestTargetID = 88ADB7DE24B83955002A4B3F;
					};
					88ADB7FF24B83957002A4B3F = {
						CreatedOnToolsVersion = 11.5;
						TestTargetID = 88ADB7DE24B83955002A4B3F;
					};
				};
			};
			buildConfigurationList = 88ADB7DA24B83955002A4B3F /* Build configuration list for PBXProject "Force_Step_Test_8" */;
			compatibilityVersion = "Xcode 9.3";
			developmentRegion = en;
			hasScannedForEncodings = 0;
			knownRegions = (
				en,
				Base,
			);
			mainGroup = 88ADB7D624B83955002A4B3F;
			productRefGroup = 88ADB7E024B83955002A4B3F /* Products */;
			projectDirPath = "";
			projectRoot = "";
			targets = (
				88ADB7DE24B83955002A4B3F /* Force_Step_Test_8 */,
				88ADB7F424B83957002A4B3F /* Force_Step_Test_8Tests */,
				88ADB7FF24B83957002A4B3F /* Force_Step_Test_8UITests */,
			);
		};
/* End PBXProject section */

/* Begin PBXResourcesBuildPhase section */
		88ADB7DD24B83955002A4B3F /* Resources */ = {
			isa = PBXResourcesBuildPhase;
			buildActionMask = 2147483647;
			files = (
				88ADB7EF24B83957002A4B3F /* LaunchScreen.storyboard in Resources */,
				88ADB82D24C581BC002A4B3F /* step2.png in Resources */,
				88ADB82824C581BC002A4B3F /* step5.png in Resources */,
				88ADB82B24C581BC002A4B3F /* step3.png in Resources */,
				88ADB7EC24B83957002A4B3F /* Assets.xcassets in Resources */,
				88ADB82C24C581BC002A4B3F /* step4.png in Resources */,
				88ADB7EA24B83955002A4B3F /* Main.storyboard in Resources */,
				88ADB82A24C581BC002A4B3F /* step6.png in Resources */,
				88ADB82924C581BC002A4B3F /* step7.png in Resources */,
			);
			runOnlyForDeploymentPostprocessing = 0;
		};
		88ADB7F324B83957002A4B3F /* Resources */ = {
			isa = PBXResourcesBuildPhase;
			buildActionMask = 2147483647;
			files = (
			);
			runOnlyForDeploymentPostprocessing = 0;
		};
		88ADB7FE24B83957002A4B3F /* Resources */ = {
			isa = PBXResourcesBuildPhase;
			buildActionMask = 2147483647;
			files = (
			);
			runOnlyForDeploymentPostprocessing = 0;
		};
/* End PBXResourcesBuildPhase section */

/* Begin PBXSourcesBuildPhase section */
		88ADB7DB24B83955002A4B3F /* Sources */ = {
			isa = PBXSourcesBuildPhase;
			buildActionMask = 2147483647;
			files = (
				88ADB81524BAFB5A002A4B3F /* ViewController_feedback_color_menu.swift in Sources */,
				88ADB81924BAFD25002A4B3F /* ForceButton.swift in Sources */,
				88ADB81F24BB030A002A4B3F /* ViewController_nonfeedback_menu.swift in Sources */,
				88ADB81B24BB007A002A4B3F /* ViewController_feedback_graph_menu.swift in Sources */,
				88ADB7E324B83955002A4B3F /* AppDelegate.swift in Sources */,
				88ADB7E524B83955002A4B3F /* SceneDelegate.swift in Sources */,
				88ADB82124BB035D002A4B3F /* ViewController_nonfeedback_experiment.swift in Sources */,
				88ADB81D24BB0085002A4B3F /* ViewController_feedback_graph_experiment.swift in Sources */,
				88ADB81724BAFCDB002A4B3F /* ViewController_feedback_color_experiment.swift in Sources */,
				88ADB81324B83CFB002A4B3F /* ViewController_main.swift in Sources */,
			);
			runOnlyForDeploymentPostprocessing = 0;
		};
		88ADB7F124B83957002A4B3F /* Sources */ = {
			isa = PBXSourcesBuildPhase;
			buildActionMask = 2147483647;
			files = (
				88ADB7FA24B83957002A4B3F /* Force_Step_Test_8Tests.swift in Sources */,
			);
			runOnlyForDeploymentPostprocessing = 0;
		};
		88ADB7FC24B83957002A4B3F /* Sources */ = {
			isa = PBXSourcesBuildPhase;
			buildActionMask = 2147483647;
			files = (
				88ADB80524B83957002A4B3F /* Force_Step_Test_8UITests.swift in Sources */,
			);
			runOnlyForDeploymentPostprocessing = 0;
		};
/* End PBXSourcesBuildPhase section */

/* Begin PBXTargetDependency section */
		88ADB7F724B83957002A4B3F /* PBXTargetDependency */ = {
			isa = PBXTargetDependency;
			target = 88ADB7DE24B83955002A4B3F /* Force_Step_Test_8 */;
			targetProxy = 88ADB7F624B83957002A4B3F /* PBXContainerItemProxy */;
		};
		88ADB80224B83957002A4B3F /* PBXTargetDependency */ = {
			isa = PBXTargetDependency;
			target = 88ADB7DE24B83955002A4B3F /* Force_Step_Test_8 */;
			targetProxy = 88ADB80124B83957002A4B3F /* PBXContainerItemProxy */;
		};
/* End PBXTargetDependency section */

/* Begin PBXVariantGroup section */
		88ADB7E824B83955002A4B3F /* Main.storyboard */ = {
			isa = PBXVariantGroup;
			children = (
				88ADB7E924B83955002A4B3F /* Base */,
			);
			name = Main.storyboard;
			sourceTree = "<group>";
		};
		88ADB7ED24B83957002A4B3F /* LaunchScreen.storyboard */ = {
			isa = PBXVariantGroup;
			children = (
				88ADB7EE24B83957002A4B3F /* Base */,
			);
			name = LaunchScreen.storyboard;
			sourceTree = "<group>";
		};
/* End PBXVariantGroup section */

/* Begin XCBuildConfiguration section */
		88ADB80724B83957002A4B3F /* Debug */ = {
			isa = XCBuildConfiguration;
			buildSettings = {
				ALWAYS_SEARCH_USER_PATHS = NO;
				CLANG_ANALYZER_NONNULL = YES;
				CLANG_ANALYZER_NUMBER_OBJECT_CONVERSION = YES_AGGRESSIVE;
				CLANG_CXX_LANGUAGE_STANDARD = "gnu++14";
				CLANG_CXX_LIBRARY = "libc++";
				CLANG_ENABLE_MODULES = YES;
				CLANG_ENABLE_OBJC_ARC = YES;
				CLANG_ENABLE_OBJC_WEAK = YES;
				CLANG_WARN_BLOCK_CAPTURE_AUTORELEASING = YES;
				CLANG_WARN_BOOL_CONVERSION = YES;
				CLANG_WARN_COMMA = YES;
				CLANG_WARN_CONSTANT_CONVERSION = YES;
				CLANG_WARN_DEPRECATED_OBJC_IMPLEMENTATIONS = YES;
				CLANG_WARN_DIRECT_OBJC_ISA_USAGE = YES_ERROR;
				CLANG_WARN_DOCUMENTATION_COMMENTS = YES;
				CLANG_WARN_EMPTY_BODY = YES;
				CLANG_WARN_ENUM_CONVERSION = YES;
				CLANG_WARN_INFINITE_RECURSION = YES;
				CLANG_WARN_INT_CONVERSION = YES;
				CLANG_WARN_NON_LITERAL_NULL_CONVERSION = YES;
				CLANG_WARN_OBJC_IMPLICIT_RETAIN_SELF = YES;
				CLANG_WARN_OBJC_LITERAL_CONVERSION = YES;
				CLANG_WARN_OBJC_ROOT_CLASS = YES_ERROR;
				CLANG_WARN_RANGE_LOOP_ANALYSIS = YES;
				CLANG_WARN_STRICT_PROTOTYPES = YES;
				CLANG_WARN_SUSPICIOUS_MOVE = YES;
				CLANG_WARN_UNGUARDED_AVAILABILITY = YES_AGGRESSIVE;
				CLANG_WARN_UNREACHABLE_CODE = YES;
				CLANG_WARN__DUPLICATE_METHOD_MATCH = YES;
				COPY_PHASE_STRIP = NO;
				DEBUG_INFORMATION_FORMAT = dwarf;
				ENABLE_STRICT_OBJC_MSGSEND = YES;
				ENABLE_TESTABILITY = YES;
				GCC_C_LANGUAGE_STANDARD = gnu11;
				GCC_DYNAMIC_NO_PIC = NO;
				GCC_NO_COMMON_BLOCKS = YES;
				GCC_OPTIMIZATION_LEVEL = 0;
				GCC_PREPROCESSOR_DEFINITIONS = (
					"DEBUG=1",
					"$(inherited)",
				);
				GCC_WARN_64_TO_32_BIT_CONVERSION = YES;
				GCC_WARN_ABOUT_RETURN_TYPE = YES_ERROR;
				GCC_WARN_UNDECLARED_SELECTOR = YES;
				GCC_WARN_UNINITIALIZED_AUTOS = YES_AGGRESSIVE;
				GCC_WARN_UNUSED_FUNCTION = YES;
				GCC_WARN_UNUSED_VARIABLE = YES;
				IPHONEOS_DEPLOYMENT_TARGET = 13.5;
				MTL_ENABLE_DEBUG_INFO = INCLUDE_SOURCE;
				MTL_FAST_MATH = YES;
				ONLY_ACTIVE_ARCH = YES;
				SDKROOT = iphoneos;
				SWIFT_ACTIVE_COMPILATION_CONDITIONS = DEBUG;
				SWIFT_OPTIMIZATION_LEVEL = "-Onone";
			};
			name = Debug;
		};
		88ADB80824B83957002A4B3F /* Release */ = {
			isa = XCBuildConfiguration;
			buildSettings = {
				ALWAYS_SEARCH_USER_PATHS = NO;
				CLANG_ANALYZER_NONNULL = YES;
				CLANG_ANALYZER_NUMBER_OBJECT_CONVERSION = YES_AGGRESSIVE;
				CLANG_CXX_LANGUAGE_STANDARD = "gnu++14";
				CLANG_CXX_LIBRARY = "libc++";
				CLANG_ENABLE_MODULES = YES;
				CLANG_ENABLE_OBJC_ARC = YES;
				CLANG_ENABLE_OBJC_WEAK = YES;
				CLANG_WARN_BLOCK_CAPTURE_AUTORELEASING = YES;
				CLANG_WARN_BOOL_CONVERSION = YES;
				CLANG_WARN_COMMA = YES;
				CLANG_WARN_CONSTANT_CONVERSION = YES;
				CLANG_WARN_DEPRECATED_OBJC_IMPLEMENTATIONS = YES;
				CLANG_WARN_DIRECT_OBJC_ISA_USAGE = YES_ERROR;
				CLANG_WARN_DOCUMENTATION_COMMENTS = YES;
				CLANG_WARN_EMPTY_BODY = YES;
				CLANG_WARN_ENUM_CONVERSION = YES;
				CLANG_WARN_INFINITE_RECURSION = YES;
				CLANG_WARN_INT_CONVERSION = YES;
				CLANG_WARN_NON_LITERAL_NULL_CONVERSION = YES;
				CLANG_WARN_OBJC_IMPLICIT_RETAIN_SELF = YES;
				CLANG_WARN_OBJC_LITERAL_CONVERSION = YES;
				CLANG_WARN_OBJC_ROOT_CLASS = YES_ERROR;
				CLANG_WARN_RANGE_LOOP_ANALYSIS = YES;
				CLANG_WARN_STRICT_PROTOTYPES = YES;
				CLANG_WARN_SUSPICIOUS_MOVE = YES;
				CLANG_WARN_UNGUARDED_AVAILABILITY = YES_AGGRESSIVE;
				CLANG_WARN_UNREACHABLE_CODE = YES;
				CLANG_WARN__DUPLICATE_METHOD_MATCH = YES;
				COPY_PHASE_STRIP = NO;
				DEBUG_INFORMATION_FORMAT = "dwarf-with-dsym";
				ENABLE_NS_ASSERTIONS = NO;
				ENABLE_STRICT_OBJC_MSGSEND = YES;
				GCC_C_LANGUAGE_STANDARD = gnu11;
				GCC_NO_COMMON_BLOCKS = YES;
				GCC_WARN_64_TO_32_BIT_CONVERSION = YES;
				GCC_WARN_ABOUT_RETURN_TYPE = YES_ERROR;
				GCC_WARN_UNDECLARED_SELECTOR = YES;
				GCC_WARN_UNINITIALIZED_AUTOS = YES_AGGRESSIVE;
				GCC_WARN_UNUSED_FUNCTION = YES;
				GCC_WARN_UNUSED_VARIABLE = YES;
				IPHONEOS_DEPLOYMENT_TARGET = 13.5;
				MTL_ENABLE_DEBUG_INFO = NO;
				MTL_FAST_MATH = YES;
				SDKROOT = iphoneos;
				SWIFT_COMPILATION_MODE = wholemodule;
				SWIFT_OPTIMIZATION_LEVEL = "-O";
				VALIDATE_PRODUCT = YES;
			};
			name = Release;
		};
		88ADB80A24B83957002A4B3F /* Debug */ = {
			isa = XCBuildConfiguration;
			buildSettings = {
				ASSETCATALOG_COMPILER_APPICON_NAME = AppIcon;
				CODE_SIGN_STYLE = Automatic;
				DEVELOPMENT_TEAM = S3R82Z68Y2;
				INFOPLIST_FILE = Force_Step_Test_8/Info.plist;
				LD_RUNPATH_SEARCH_PATHS = (
					"$(inherited)",
					"@executable_path/Frameworks",
				);
				PRODUCT_BUNDLE_IDENTIFIER = "NCLab.Force-Step-Test-8";
				PRODUCT_NAME = "$(TARGET_NAME)";
				SWIFT_VERSION = 5.0;
				TARGETED_DEVICE_FAMILY = "1,2";
			};
			name = Debug;
		};
		88ADB80B24B83957002A4B3F /* Release */ = {
			isa = XCBuildConfiguration;
			buildSettings = {
				ASSETCATALOG_COMPILER_APPICON_NAME = AppIcon;
				CODE_SIGN_STYLE = Automatic;
				DEVELOPMENT_TEAM = S3R82Z68Y2;
				INFOPLIST_FILE = Force_Step_Test_8/Info.plist;
				LD_RUNPATH_SEARCH_PATHS = (
					"$(inherited)",
					"@executable_path/Frameworks",
				);
				PRODUCT_BUNDLE_IDENTIFIER = "NCLab.Force-Step-Test-8";
				PRODUCT_NAME = "$(TARGET_NAME)";
				SWIFT_VERSION = 5.0;
				TARGETED_DEVICE_FAMILY = "1,2";
			};
			name = Release;
		};
		88ADB80D24B83957002A4B3F /* Debug */ = {
			isa = XCBuildConfiguration;
			buildSettings = {
				ALWAYS_EMBED_SWIFT_STANDARD_LIBRARIES = YES;
				BUNDLE_LOADER = "$(TEST_HOST)";
				CODE_SIGN_STYLE = Automatic;
				DEVELOPMENT_TEAM = S3R82Z68Y2;
				INFOPLIST_FILE = Force_Step_Test_8Tests/Info.plist;
				IPHONEOS_DEPLOYMENT_TARGET = 13.5;
				LD_RUNPATH_SEARCH_PATHS = (
					"$(inherited)",
					"@executable_path/Frameworks",
					"@loader_path/Frameworks",
				);
				PRODUCT_BUNDLE_IDENTIFIER = "NCLab.Force-Step-Test-8Tests";
				PRODUCT_NAME = "$(TARGET_NAME)";
				SWIFT_VERSION = 5.0;
				TARGETED_DEVICE_FAMILY = "1,2";
				TEST_HOST = "$(BUILT_PRODUCTS_DIR)/Force_Step_Test_8.app/Force_Step_Test_8";
			};
			name = Debug;
		};
		88ADB80E24B83957002A4B3F /* Release */ = {
			isa = XCBuildConfiguration;
			buildSettings = {
				ALWAYS_EMBED_SWIFT_STANDARD_LIBRARIES = YES;
				BUNDLE_LOADER = "$(TEST_HOST)";
				CODE_SIGN_STYLE = Automatic;
				DEVELOPMENT_TEAM = S3R82Z68Y2;
				INFOPLIST_FILE = Force_Step_Test_8Tests/Info.plist;
				IPHONEOS_DEPLOYMENT_TARGET = 13.5;
				LD_RUNPATH_SEARCH_PATHS = (
					"$(inherited)",
					"@executable_path/Frameworks",
					"@loader_path/Frameworks",
				);
				PRODUCT_BUNDLE_IDENTIFIER = "NCLab.Force-Step-Test-8Tests";
				PRODUCT_NAME = "$(TARGET_NAME)";
				SWIFT_VERSION = 5.0;
				TARGETED_DEVICE_FAMILY = "1,2";
				TEST_HOST = "$(BUILT_PRODUCTS_DIR)/Force_Step_Test_8.app/Force_Step_Test_8";
			};
			name = Release;
		};
		88ADB81024B83957002A4B3F /* Debug */ = {
			isa = XCBuildConfiguration;
			buildSettings = {
				ALWAYS_EMBED_SWIFT_STANDARD_LIBRARIES = YES;
				CODE_SIGN_STYLE = Automatic;
				DEVELOPMENT_TEAM = S3R82Z68Y2;
				INFOPLIST_FILE = Force_Step_Test_8UITests/Info.plist;
				LD_RUNPATH_SEARCH_PATHS = (
					"$(inherited)",
					"@executable_path/Frameworks",
					"@loader_path/Frameworks",
				);
				PRODUCT_BUNDLE_IDENTIFIER = "NCLab.Force-Step-Test-8UITests";
				PRODUCT_NAME = "$(TARGET_NAME)";
				SWIFT_VERSION = 5.0;
				TARGETED_DEVICE_FAMILY = "1,2";
				TEST_TARGET_NAME = Force_Step_Test_8;
			};
			name = Debug;
		};
		88ADB81124B83957002A4B3F /* Release */ = {
			isa = XCBuildConfiguration;
			buildSettings = {
				ALWAYS_EMBED_SWIFT_STANDARD_LIBRARIES = YES;
				CODE_SIGN_STYLE = Automatic;
				DEVELOPMENT_TEAM = S3R82Z68Y2;
				INFOPLIST_FILE = Force_Step_Test_8UITests/Info.plist;
				LD_RUNPATH_SEARCH_PATHS = (
					"$(inherited)",
					"@executable_path/Frameworks",
					"@loader_path/Frameworks",
				);
				PRODUCT_BUNDLE_IDENTIFIER = "NCLab.Force-Step-Test-8UITests";
				PRODUCT_NAME = "$(TARGET_NAME)";
				SWIFT_VERSION = 5.0;
				TARGETED_DEVICE_FAMILY = "1,2";
				TEST_TARGET_NAME = Force_Step_Test_8;
			};
			name = Release;
		};
/* End XCBuildConfiguration section */

/* Begin XCConfigurationList section */
		88ADB7DA24B83955002A4B3F /* Build configuration list for PBXProject "Force_Step_Test_8" */ = {
			isa = XCConfigurationList;
			buildConfigurations = (
				88ADB80724B83957002A4B3F /* Debug */,
				88ADB80824B83957002A4B3F /* Release */,
			);
			defaultConfigurationIsVisible = 0;
			defaultConfigurationName = Release;
		};
		88ADB80924B83957002A4B3F /* Build configuration list for PBXNativeTarget "Force_Step_Test_8" */ = {
			isa = XCConfigurationList;
			buildConfigurations = (
				88ADB80A24B83957002A4B3F /* Debug */,
				88ADB80B24B83957002A4B3F /* Release */,
			);
			defaultConfigurationIsVisible = 0;
			defaultConfigurationName = Release;
		};
		88ADB80C24B83957002A4B3F /* Build configuration list for PBXNativeTarget "Force_Step_Test_8Tests" */ = {
			isa = XCConfigurationList;
			buildConfigurations = (
				88ADB80D24B83957002A4B3F /* Debug */,
				88ADB80E24B83957002A4B3F /* Release */,
			);
			defaultConfigurationIsVisible = 0;
			defaultConfigurationName = Release;
		};
		88ADB80F24B83957002A4B3F /* Build configuration list for PBXNativeTarget "Force_Step_Test_8UITests" */ = {
			isa = XCConfigurationList;
			buildConfigurations = (
				88ADB81024B83957002A4B3F /* Debug */,
				88ADB81124B83957002A4B3F /* Release */,
			);
			defaultConfigurationIsVisible = 0;
			defaultConfigurationName = Release;
		};
/* End XCConfigurationList section */
	};
	rootObject = 88ADB7D724B83955002A4B3F /* Project object */;
}
